# THIS IS AN AUTOGENERATED FILE. DO NOT EDIT THIS FILE DIRECTLY.
# yarn lockfile v1


anymatch@^3.0.1:
  version "3.0.3"
  resolved "https://registry.yarnpkg.com/anymatch/-/anymatch-3.0.3.tgz#2fb624fe0e84bccab00afee3d0006ed310f22f09"
  integrity sha512-c6IvoeBECQlMVuYUjSwimnhmztImpErfxJzWZhIQinIvQWoGOnB0dLIgifbPHQt5heS6mNlaZG16f06H3C8t1g==
  dependencies:
    normalize-path "^3.0.0"
    picomatch "^2.0.4"

big.js@^5.2.2:
  version "5.2.2"
  resolved "https://registry.yarnpkg.com/big.js/-/big.js-5.2.2.tgz#65f0af382f578bcdc742bd9c281e9cb2d7768328"
  integrity sha512-vyL2OymJxmarO8gxMr0mhChsO9QGwhynfuu4+MHTAW6czfq9humCB7rKpUjDd9YUiDPU4mzpyupFSvOClAwbmQ==

binary-extensions@^2.0.0:
  version "2.0.0"
  resolved "https://registry.yarnpkg.com/binary-extensions/-/binary-extensions-2.0.0.tgz#23c0df14f6a88077f5f986c0d167ec03c3d5537c"
  integrity sha512-Phlt0plgpIIBOGTT/ehfFnbNlfsDEiqmzE2KRXoX1bLIlir4X/MR+zSyBEkL05ffWgnRSf/DXv+WrUAVr93/ow==

braces@^3.0.2:
  version "3.0.2"
  resolved "https://registry.yarnpkg.com/braces/-/braces-3.0.2.tgz#3454e1a462ee8d599e236df336cd9ea4f8afe107"
  integrity sha512-b8um+L1RzM3WDSzvhm6gIz1yfTbBt6YTlcEKAvsmqCZZFw46z626lVj9j1yEPW33H5H+lBQpZMP1k8l+78Ha0A==
  dependencies:
    fill-range "^7.0.1"

"chokidar@>=2.0.0 <4.0.0":
  version "3.0.2"
  resolved "https://registry.yarnpkg.com/chokidar/-/chokidar-3.0.2.tgz#0d1cd6d04eb2df0327446188cd13736a3367d681"
  integrity sha512-c4PR2egjNjI1um6bamCQ6bUNPDiyofNQruHvKgHQ4gDUP/ITSVSzNsiI5OWtHOsX323i5ha/kk4YmOZ1Ktg7KA==
  dependencies:
    anymatch "^3.0.1"
    braces "^3.0.2"
    glob-parent "^5.0.0"
    is-binary-path "^2.1.0"
    is-glob "^4.0.1"
    normalize-path "^3.0.0"
    readdirp "^3.1.1"
  optionalDependencies:
    fsevents "^2.0.6"

clone-deep@^2.0.1:
  version "2.0.2"
  resolved "https://registry.yarnpkg.com/clone-deep/-/clone-deep-2.0.2.tgz#00db3a1e173656730d1188c3d6aced6d7ea97713"
  integrity sha512-SZegPTKjCgpQH63E+eN6mVEEPdQBOUzjyJm5Pora4lrwWRFS8I0QAxV/KD6vV/i0WuijHZWQC1fMsPEdxfdVCQ==
  dependencies:
    for-own "^1.0.0"
    is-plain-object "^2.0.4"
    kind-of "^6.0.0"
    shallow-clone "^1.0.0"

emojis-list@^2.0.0:
  version "2.1.0"
  resolved "https://registry.yarnpkg.com/emojis-list/-/emojis-list-2.1.0.tgz#4daa4d9db00f9819880c79fa457ae5b09a1fd389"
  integrity sha1-TapNnbAPmBmIDHn6RXrlsJof04k=

fill-range@^7.0.1:
  version "7.0.1"
  resolved "https://registry.yarnpkg.com/fill-range/-/fill-range-7.0.1.tgz#1919a6a7c75fe38b2c7c77e5198535da9acdda40"
  integrity sha512-qOo9F+dMUmC2Lcb4BbVvnKJxTPjCm+RRpe4gDuGrzkL7mEVl/djYSu2OdQ2Pa302N4oqkSg9ir6jaLWJ2USVpQ==
  dependencies:
    to-regex-range "^5.0.1"

for-in@^0.1.3:
  version "0.1.8"
  resolved "https://registry.yarnpkg.com/for-in/-/for-in-0.1.8.tgz#d8773908e31256109952b1fdb9b3fa867d2775e1"
  integrity sha1-2Hc5COMSVhCZUrH9ubP6hn0ndeE=

for-in@^1.0.1:
  version "1.0.2"
  resolved "https://registry.yarnpkg.com/for-in/-/for-in-1.0.2.tgz#81068d295a8142ec0ac726c6e2200c30fb6d5e80"
  integrity sha1-gQaNKVqBQuwKxybG4iAMMPttXoA=

for-own@^1.0.0:
  version "1.0.0"
  resolved "https://registry.yarnpkg.com/for-own/-/for-own-1.0.0.tgz#c63332f415cedc4b04dbfe70cf836494c53cb44b"
  integrity sha1-xjMy9BXO3EsE2/5wz4NklMU8tEs=
  dependencies:
    for-in "^1.0.1"

fsevents@^2.0.6:
  version "2.0.7"
  resolved "https://registry.yarnpkg.com/fsevents/-/fsevents-2.0.7.tgz#382c9b443c6cbac4c57187cdda23aa3bf1ccfc2a"
  integrity sha512-a7YT0SV3RB+DjYcppwVDLtn13UQnmg0SWZS7ezZD0UjnLwXmy8Zm21GMVGLaFGimIqcvyMQaOJBrop8MyOp1kQ==

glob-parent@^5.0.0:
  version "5.0.0"
  resolved "https://registry.yarnpkg.com/glob-parent/-/glob-parent-5.0.0.tgz#1dc99f0f39b006d3e92c2c284068382f0c20e954"
  integrity sha512-Z2RwiujPRGluePM6j699ktJYxmPpJKCfpGA13jz2hmFZC7gKetzrWvg5KN3+OsIFmydGyZ1AVwERCq1w/ZZwRg==
  dependencies:
    is-glob "^4.0.1"

is-binary-path@^2.1.0:
  version "2.1.0"
  resolved "https://registry.yarnpkg.com/is-binary-path/-/is-binary-path-2.1.0.tgz#ea1f7f3b80f064236e83470f86c09c254fb45b09"
  integrity sha512-ZMERYes6pDydyuGidse7OsHxtbI7WVeUEozgR/g7rd0xUimYNlvZRE/K2MgZTjWy725IfelLeVcEM97mmtRGXw==
  dependencies:
    binary-extensions "^2.0.0"

is-extendable@^0.1.1:
  version "0.1.1"
  resolved "https://registry.yarnpkg.com/is-extendable/-/is-extendable-0.1.1.tgz#62b110e289a471418e3ec36a617d472e301dfc89"
  integrity sha1-YrEQ4omkcUGOPsNqYX1HLjAd/Ik=

is-extglob@^2.1.1:
  version "2.1.1"
  resolved "https://registry.yarnpkg.com/is-extglob/-/is-extglob-2.1.1.tgz#a88c02535791f02ed37c76a1b9ea9773c833f8c2"
  integrity sha1-qIwCU1eR8C7TfHahueqXc8gz+MI=

is-glob@^4.0.1:
  version "4.0.1"
  resolved "https://registry.yarnpkg.com/is-glob/-/is-glob-4.0.1.tgz#7567dbe9f2f5e2467bc77ab83c4a29482407a5dc"
  integrity sha512-5G0tKtBTFImOqDnLB2hG6Bp2qcKEFduo4tZu9MT/H6NQv/ghhy30o55ufafxJ/LdH79LLs2Kfrn85TLKyA7BUg==
  dependencies:
    is-extglob "^2.1.1"

is-number@^7.0.0:
  version "7.0.0"
  resolved "https://registry.yarnpkg.com/is-number/-/is-number-7.0.0.tgz#7535345b896734d5f80c4d06c50955527a14f12b"
  integrity sha512-41Cifkg6e8TylSpdtTpeLVMqvSBEVzTttHvERD741+pnZ8ANv0004MRL43QKPDlK9cGvNp6NZWZUBlbGXYxxng==

is-plain-object@^2.0.4:
  version "2.0.4"
  resolved "https://registry.yarnpkg.com/is-plain-object/-/is-plain-object-2.0.4.tgz#2c163b3fafb1b606d9d17928f05c2a1c38e07677"
  integrity sha512-h5PpgXkWitc38BBMYawTYMWJHFZJVnBquFE57xFpjB8pJFiF6gZ+bU+WyI/yqXiFR5mdLsgYNaPe8uao6Uv9Og==
  dependencies:
    isobject "^3.0.1"

isobject@^3.0.1:
  version "3.0.1"
  resolved "https://registry.yarnpkg.com/isobject/-/isobject-3.0.1.tgz#4e431e92b11a9731636aa1f9c8d1ccbcfdab78df"
  integrity sha1-TkMekrEalzFjaqH5yNHMvP2reN8=

json5@^1.0.1:
  version "1.0.1"
  resolved "https://registry.yarnpkg.com/json5/-/json5-1.0.1.tgz#779fb0018604fa854eacbf6252180d83543e3dbe"
  integrity sha512-aKS4WQjPenRxiQsC93MNfjx+nbF4PAdYzmd/1JIj8HYzqfbu86beTuNgXDzPknWk0n0uARlyewZo4s++ES36Ow==
  dependencies:
    minimist "^1.2.0"

kind-of@^5.0.0:
  version "5.1.0"
  resolved "https://registry.yarnpkg.com/kind-of/-/kind-of-5.1.0.tgz#729c91e2d857b7a419a1f9aa65685c4c33f5845d"
  integrity sha512-NGEErnH6F2vUuXDh+OlbcKW7/wOcfdRHaZ7VWtqCztfHri/++YKmP51OdWeGPuqCOba6kk2OTe5d02VmTB80Pw==

kind-of@^6.0.0:
  version "6.0.2"
  resolved "https://registry.yarnpkg.com/kind-of/-/kind-of-6.0.2.tgz#01146b36a6218e64e58f3a8d66de5d7fc6f6d051"
  integrity sha512-s5kLOcnH0XqDO+FvuaLX8DDjZ18CGFk7VygH40QoKPUQhW4e2rvM0rwUq0t8IQDOwYSeLK01U90OjzBTme2QqA==

loader-utils@^1.0.1, loader-utils@^1.2.0:
  version "1.2.3"
  resolved "https://registry.yarnpkg.com/loader-utils/-/loader-utils-1.2.3.tgz#1ff5dc6911c9f0a062531a4c04b609406108c2c7"
  integrity sha512-fkpz8ejdnEMG3s37wGL07iSBDg99O9D5yflE9RGNH3hRdx9SOwYfnGYdZOUIZitN8E+E2vkq3MUMYMvPYl5ZZA==
  dependencies:
    big.js "^5.2.2"
    emojis-list "^2.0.0"
    json5 "^1.0.1"

lodash.tail@^4.1.1:
  version "4.1.1"
  resolved "https://registry.yarnpkg.com/lodash.tail/-/lodash.tail-4.1.1.tgz#d2333a36d9e7717c8ad2f7cacafec7c32b444664"
  integrity sha1-0jM6NtnncXyK0vfKyv7HwytERmQ=

minimist@^1.2.0:
  version "1.2.0"
  resolved "https://registry.yarnpkg.com/minimist/-/minimist-1.2.0.tgz#a35008b20f41383eec1fb914f4cd5df79a264284"
  integrity sha1-o1AIsg9BOD7sH7kU9M1d95omQoQ=

mixin-object@^2.0.1:
  version "2.0.1"
  resolved "https://registry.yarnpkg.com/mixin-object/-/mixin-object-2.0.1.tgz#4fb949441dab182540f1fe035ba60e1947a5e57e"
  integrity sha1-T7lJRB2rGCVA8f4DW6YOGUel5X4=
  dependencies:
    for-in "^0.1.3"
    is-extendable "^0.1.1"

neo-async@^2.5.0:
  version "2.6.1"
  resolved "https://registry.yarnpkg.com/neo-async/-/neo-async-2.6.1.tgz#ac27ada66167fa8849a6addd837f6b189ad2081c"
  integrity sha512-iyam8fBuCUpWeKPGpaNMetEocMt364qkCsfL9JuhjXX6dRnguRVOfk2GZaDpPjcOKiiXCPINZC1GczQ7iTq3Zw==

normalize-path@^3.0.0:
  version "3.0.0"
  resolved "https://registry.yarnpkg.com/normalize-path/-/normalize-path-3.0.0.tgz#0dcd69ff23a1c9b11fd0978316644a0388216a65"
  integrity sha512-6eZs5Ls3WtCisHWp9S2GUy8dqkpGi4BVSz3GaqiE6ezub0512ESztXUwUB6C6IKbQkY2Pnb/mD4WYojCRwcwLA==

picomatch@^2.0.4:
  version "2.0.7"
  resolved "https://registry.yarnpkg.com/picomatch/-/picomatch-2.0.7.tgz#514169d8c7cd0bdbeecc8a2609e34a7163de69f6"
  integrity sha512-oLHIdio3tZ0qH76NybpeneBhYVj0QFTfXEFTc/B3zKQspYfYYkWYgFsmzo+4kvId/bQRcNkVeguI3y+CD22BtA==

pify@^3.0.0:
  version "3.0.0"
  resolved "https://registry.yarnpkg.com/pify/-/pify-3.0.0.tgz#e5a4acd2c101fdf3d9a4d07f0dbc4db49dd28176"
  integrity sha1-5aSs0sEB/fPZpNB/DbxNtJ3SgXY=

readdirp@^3.1.1:
  version "3.1.1"
  resolved "https://registry.yarnpkg.com/readdirp/-/readdirp-3.1.1.tgz#b158123ac343c8b0f31d65680269cc0fc1025db1"
  integrity sha512-XXdSXZrQuvqoETj50+JAitxz1UPdt5dupjT6T5nVB+WvjMv2XKYj+s7hPeAVCXvmJrL36O4YYyWlIC3an2ePiQ==
  dependencies:
    picomatch "^2.0.4"

sass-loader@^7.1.0:
  version "7.1.0"
  resolved "https://registry.yarnpkg.com/sass-loader/-/sass-loader-7.1.0.tgz#16fd5138cb8b424bf8a759528a1972d72aad069d"
  integrity sha512-+G+BKGglmZM2GUSfT9TLuEp6tzehHPjAMoRRItOojWIqIGPloVCMhNIQuG639eJ+y033PaGTSjLaTHts8Kw79w==
  dependencies:
    clone-deep "^2.0.1"
    loader-utils "^1.0.1"
    lodash.tail "^4.1.1"
    neo-async "^2.5.0"
    pify "^3.0.0"
    semver "^5.5.0"

sass@^1.17.4:
  version "1.22.7"
  resolved "https://registry.yarnpkg.com/sass/-/sass-1.22.7.tgz#5a1a77dc11aa659db4e782d238bf9f3d44a60546"
  integrity sha512-ahREi0AdG7RTovSv14+yd1prQSfIvFcrDpOsth5EQf1+RM7SvOxsSttzNQaFmK1aa/k/3vyYwlYF5l0Xl+6c+g==
  dependencies:
    chokidar ">=2.0.0 <4.0.0"

semver@^5.5.0:
  version "5.7.0"
  resolved "https://registry.yarnpkg.com/semver/-/semver-5.7.0.tgz#790a7cf6fea5459bac96110b29b60412dc8ff96b"
  integrity sha512-Ya52jSX2u7QKghxeoFGpLwCtGlt7j0oY9DYb5apt9nPlJ42ID+ulTXESnt/qAQcoSERyZ5sl3LDIOw0nAn/5DA==

shallow-clone@^1.0.0:
  version "1.0.0"
  resolved "https://registry.yarnpkg.com/shallow-clone/-/shallow-clone-1.0.0.tgz#4480cd06e882ef68b2ad88a3ea54832e2c48b571"
  integrity sha512-oeXreoKR/SyNJtRJMAKPDSvd28OqEwG4eR/xc856cRGBII7gX9lvAqDxusPm0846z/w/hWYjI1NpKwJ00NHzRA==
  dependencies:
    is-extendable "^0.1.1"
    kind-of "^5.0.0"
    mixin-object "^2.0.1"

to-regex-range@^5.0.1:
  version "5.0.1"
  resolved "https://registry.yarnpkg.com/to-regex-range/-/to-regex-range-5.0.1.tgz#1648c44aae7c8d988a326018ed72f5b4dd0392e4"
  integrity sha512-65P7iz6X5yEr1cwcgvQxbbIw7Uk3gOy5dIdtZ4rDveLqhrdJP+Li/Hx6tyK0NEb+2GCyneCMJiGqrADCSNk8sQ==
  dependencies:
    is-number "^7.0.0"

"vue-cli-plugin-vuetify@https://github.com/vuetifyjs/vue-cli-plugin-vuetify.git#dev":
  version "0.6.1"
  resolved "https://github.com/vuetifyjs/vue-cli-plugin-vuetify.git#5f918c277c25a67dbcc96f962f29fda969edc818"

vuetify-loader@^1.2.2:
  version "1.3.0"
  resolved "https://registry.yarnpkg.com/vuetify-loader/-/vuetify-loader-1.3.0.tgz#759f1d16f3f211eddbeeffc5c0b24105f2582b07"
  integrity sha512-emKS3GWpx+0kWRHfoxpDpLR4HaXvhDn9bYNQf+IaaD5iU5S3xktDyS0egG7dp/oHLQr1U/Ui9g2ElhZUkdgRqw==
  dependencies:
    loader-utils "^1.2.0"

vuetify@^2.0.1:
  version "2.0.1"
  resolved "https://registry.yarnpkg.com/vuetify/-/vuetify-2.0.1.tgz#27b2ea314f5eba7eff9993d4d97110d5563a4b57"
  integrity sha512-UOBpJQdEwvoqH7zXEVo0YGLT5bKKXZxa8+MzBKaQK/Evbo5XjbEt5mxbO7f/9bCO5XqM825u4eNxcEUhV4sT1Q==
